
Microsoft Visual Studio Solution File, Format Version 12.00
# Visual Studio Version 17
VisualStudioVersion = 17.3.32901.215
MinimumVisualStudioVersion = 10.0.40219.1
Project("{9A19103F-16F7-4668-BE54-9A1E7A4F7556}") = "EmpManagementSystem", "EmpManagementSystem.csproj", "{4A1689F8-F44B-4D13-AB08-5D92722ADA90}"
EndProject
Global
	GlobalSection(SolutionConfigurationPlatforms) = preSolution
		Debug|Any CPU = Debug|Any CPU
		Release|Any CPU = Release|Any CPU
	EndGlobalSection
	GlobalSection(ProjectConfigurationPlatforms) = postSolution
		{4A1689F8-F44B-4D13-AB08-5D92722ADA90}.Debug|Any CPU.ActiveCfg = Debug|Any CPU
		{4A1689F8-F44B-4D13-AB08-5D92722ADA90}.Debug|Any CPU.Build.0 = Debug|Any CPU
		{4A1689F8-F44B-4D13-AB08-5D92722ADA90}.Release|Any CPU.ActiveCfg = Release|Any CPU
		{4A1689F8-F44B-4D13-AB08-5D92722ADA90}.Release|Any CPU.Build.0 = Release|Any CPU
	EndGlobalSection
	GlobalSection(SolutionProperties) = preSolution
		HideSolutionNode = FALSE
	EndGlobalSection
	GlobalSection(ExtensibilityGlobals) = postSolution
		SolutionGuid = {07BD069B-8067-45E1-93A0-827A8C21EA8B}
	EndGlobalSection
EndGlobal
